
Microsoft Visual Studio Solution File, Format Version 12.00
# Visual Studio 2012
Project("{FAE04EC0-301F-11D3-BF4B-00C04F79EFBC}") = "LightWallet", "LightWallet\LightWallet.csproj", "{FCA58811-3B52-44CD-A15E-42006C57CFE4}"
EndProject
Project("{FAE04EC0-301F-11D3-BF4B-00C04F79EFBC}") = "LightWallet.iOS", "iOS\LightWallet.iOS.csproj", "{6EC124CD-06D7-4C74-B3B0-0C37984B698F}"
EndProject
Project("{FAE04EC0-301F-11D3-BF4B-00C04F79EFBC}") = "LightWallet.Droid", "Droid\LightWallet.Droid.csproj", "{0CAFF3E9-1260-4BC9-9042-7FDE66DD084D}"
EndProject
Project("{FAE04EC0-301F-11D3-BF4B-00C04F79EFBC}") = "LightWallet.UITests", "UITests\LightWallet.UITests.csproj", "{72380C35-AFC5-4866-A010-5E8FEB24BA62}"
EndProject
Global
	GlobalSection(SolutionConfigurationPlatforms) = preSolution
		Debug|Any CPU = Debug|Any CPU
		Release|Any CPU = Release|Any CPU
		Debug|iPhoneSimulator = Debug|iPhoneSimulator
		Release|iPhone = Release|iPhone
		Release|iPhoneSimulator = Release|iPhoneSimulator
		Debug|iPhone = Debug|iPhone
	EndGlobalSection
	GlobalSection(ProjectConfigurationPlatforms) = postSolution
		{0CAFF3E9-1260-4BC9-9042-7FDE66DD084D}.Debug|Any CPU.ActiveCfg = Debug|Any CPU
		{0CAFF3E9-1260-4BC9-9042-7FDE66DD084D}.Debug|Any CPU.Build.0 = Debug|Any CPU
		{0CAFF3E9-1260-4BC9-9042-7FDE66DD084D}.Debug|iPhone.ActiveCfg = Debug|Any CPU
		{0CAFF3E9-1260-4BC9-9042-7FDE66DD084D}.Debug|iPhone.Build.0 = Debug|Any CPU
		{0CAFF3E9-1260-4BC9-9042-7FDE66DD084D}.Debug|iPhoneSimulator.ActiveCfg = Debug|Any CPU
		{0CAFF3E9-1260-4BC9-9042-7FDE66DD084D}.Debug|iPhoneSimulator.Build.0 = Debug|Any CPU
		{0CAFF3E9-1260-4BC9-9042-7FDE66DD084D}.Release|Any CPU.ActiveCfg = Release|Any CPU
		{0CAFF3E9-1260-4BC9-9042-7FDE66DD084D}.Release|Any CPU.Build.0 = Release|Any CPU
		{0CAFF3E9-1260-4BC9-9042-7FDE66DD084D}.Release|iPhone.ActiveCfg = Release|Any CPU
		{0CAFF3E9-1260-4BC9-9042-7FDE66DD084D}.Release|iPhone.Build.0 = Release|Any CPU
		{0CAFF3E9-1260-4BC9-9042-7FDE66DD084D}.Release|iPhoneSimulator.ActiveCfg = Release|Any CPU
		{0CAFF3E9-1260-4BC9-9042-7FDE66DD084D}.Release|iPhoneSimulator.Build.0 = Release|Any CPU
		{6EC124CD-06D7-4C74-B3B0-0C37984B698F}.Debug|Any CPU.ActiveCfg = Debug|iPhoneSimulator
		{6EC124CD-06D7-4C74-B3B0-0C37984B698F}.Debug|Any CPU.Build.0 = Debug|iPhoneSimulator
		{6EC124CD-06D7-4C74-B3B0-0C37984B698F}.Debug|iPhone.ActiveCfg = Debug|iPhone
		{6EC124CD-06D7-4C74-B3B0-0C37984B698F}.Debug|iPhone.Build.0 = Debug|iPhone
		{6EC124CD-06D7-4C74-B3B0-0C37984B698F}.Debug|iPhoneSimulator.ActiveCfg = Debug|iPhoneSimulator
		{6EC124CD-06D7-4C74-B3B0-0C37984B698F}.Debug|iPhoneSimulator.Build.0 = Debug|iPhoneSimulator
		{6EC124CD-06D7-4C74-B3B0-0C37984B698F}.Release|Any CPU.ActiveCfg = Release|iPhone
		{6EC124CD-06D7-4C74-B3B0-0C37984B698F}.Release|Any CPU.Build.0 = Release|iPhone
		{6EC124CD-06D7-4C74-B3B0-0C37984B698F}.Release|iPhone.ActiveCfg = Release|iPhone
		{6EC124CD-06D7-4C74-B3B0-0C37984B698F}.Release|iPhone.Build.0 = Release|iPhone
		{6EC124CD-06D7-4C74-B3B0-0C37984B698F}.Release|iPhoneSimulator.ActiveCfg = Release|iPhoneSimulator
		{6EC124CD-06D7-4C74-B3B0-0C37984B698F}.Release|iPhoneSimulator.Build.0 = Release|iPhoneSimulator
		{72380C35-AFC5-4866-A010-5E8FEB24BA62}.Debug|Any CPU.ActiveCfg = Debug|Any CPU
		{72380C35-AFC5-4866-A010-5E8FEB24BA62}.Debug|Any CPU.Build.0 = Debug|Any CPU
		{72380C35-AFC5-4866-A010-5E8FEB24BA62}.Debug|iPhone.ActiveCfg = Debug|Any CPU
		{72380C35-AFC5-4866-A010-5E8FEB24BA62}.Debug|iPhone.Build.0 = Debug|Any CPU
		{72380C35-AFC5-4866-A010-5E8FEB24BA62}.Debug|iPhoneSimulator.ActiveCfg = Debug|Any CPU
		{72380C35-AFC5-4866-A010-5E8FEB24BA62}.Debug|iPhoneSimulator.Build.0 = Debug|Any CPU
		{72380C35-AFC5-4866-A010-5E8FEB24BA62}.Release|Any CPU.ActiveCfg = Release|Any CPU
		{72380C35-AFC5-4866-A010-5E8FEB24BA62}.Release|Any CPU.Build.0 = Release|Any CPU
		{72380C35-AFC5-4866-A010-5E8FEB24BA62}.Release|iPhone.ActiveCfg = Release|Any CPU
		{72380C35-AFC5-4866-A010-5E8FEB24BA62}.Release|iPhone.Build.0 = Release|Any CPU
		{72380C35-AFC5-4866-A010-5E8FEB24BA62}.Release|iPhoneSimulator.ActiveCfg = Release|Any CPU
		{72380C35-AFC5-4866-A010-5E8FEB24BA62}.Release|iPhoneSimulator.Build.0 = Release|Any CPU
		{FCA58811-3B52-44CD-A15E-42006C57CFE4}.Debug|Any CPU.ActiveCfg = Debug|Any CPU
		{FCA58811-3B52-44CD-A15E-42006C57CFE4}.Debug|Any CPU.Build.0 = Debug|Any CPU
		{FCA58811-3B52-44CD-A15E-42006C57CFE4}.Debug|iPhone.ActiveCfg = Debug|Any CPU
		{FCA58811-3B52-44CD-A15E-42006C57CFE4}.Debug|iPhone.Build.0 = Debug|Any CPU
		{FCA58811-3B52-44CD-A15E-42006C57CFE4}.Debug|iPhoneSimulator.ActiveCfg = Debug|Any CPU
		{FCA58811-3B52-44CD-A15E-42006C57CFE4}.Debug|iPhoneSimulator.Build.0 = Debug|Any CPU
		{FCA58811-3B52-44CD-A15E-42006C57CFE4}.Release|Any CPU.ActiveCfg = Release|Any CPU
		{FCA58811-3B52-44CD-A15E-42006C57CFE4}.Release|Any CPU.Build.0 = Release|Any CPU
		{FCA58811-3B52-44CD-A15E-42006C57CFE4}.Release|iPhone.ActiveCfg = Release|Any CPU
		{FCA58811-3B52-44CD-A15E-42006C57CFE4}.Release|iPhone.Build.0 = Release|Any CPU
		{FCA58811-3B52-44CD-A15E-42006C57CFE4}.Release|iPhoneSimulator.ActiveCfg = Release|Any CPU
		{FCA58811-3B52-44CD-A15E-42006C57CFE4}.Release|iPhoneSimulator.Build.0 = Release|Any CPU
	EndGlobalSection
EndGlobal
